// !$*UTF8*$!
{
	archiveVersion = 1;
	classes = {
	};
	objectVersion = 51;
	objects = {

/* Begin PBXBuildFile section */
		58B19414533DAF3BAC3DAFD6 /* Pods_RoletaRussa.framework in Frameworks */ = {isa = PBXBuildFile; fileRef = 423FE214A67D4F89BC87FD3A /* Pods_RoletaRussa.framework */; };
		BC28763F26B5CD22006A55BB /* importArquivoJSON.swift in Sources */ = {isa = PBXBuildFile; fileRef = BC28763E26B5CD22006A55BB /* importArquivoJSON.swift */; };
		BC28764126B5CE0E006A55BB /* JSONData.json in Resources */ = {isa = PBXBuildFile; fileRef = BC28764026B5CE0E006A55BB /* JSONData.json */; };
		BC28764426B5CE59006A55BB /* DataRecord.swift in Sources */ = {isa = PBXBuildFile; fileRef = BC28764326B5CE59006A55BB /* DataRecord.swift */; };
		BC28764626B5D041006A55BB /* ContaViewController.swift in Sources */ = {isa = PBXBuildFile; fileRef = BC28764526B5D041006A55BB /* ContaViewController.swift */; };
		BC28764D26B5F761006A55BB /* HistoricoTableViewCell.swift in Sources */ = {isa = PBXBuildFile; fileRef = BC28764B26B5F761006A55BB /* HistoricoTableViewCell.swift */; };
		BC28764E26B5F761006A55BB /* HistoricoTableViewCell.xib in Resources */ = {isa = PBXBuildFile; fileRef = BC28764C26B5F761006A55BB /* HistoricoTableViewCell.xib */; };
		BC28765226B60701006A55BB /* ContaController.swift in Sources */ = {isa = PBXBuildFile; fileRef = BC28765126B60701006A55BB /* ContaController.swift */; };
		BC5F661326BCC00B00449195 /* HistoricoDataRecord.swift in Sources */ = {isa = PBXBuildFile; fileRef = BC5F661226BCC00B00449195 /* HistoricoDataRecord.swift */; };
		BC5F661526BCC17C00449195 /* HistoricoViewController.swift in Sources */ = {isa = PBXBuildFile; fileRef = BC5F661426BCC17C00449195 /* HistoricoViewController.swift */; };
		BC85F8C826B368A600BB4CD4 /* AppDelegate.swift in Sources */ = {isa = PBXBuildFile; fileRef = BC85F8C726B368A600BB4CD4 /* AppDelegate.swift */; };
		BC85F8CA26B368A600BB4CD4 /* SceneDelegate.swift in Sources */ = {isa = PBXBuildFile; fileRef = BC85F8C926B368A600BB4CD4 /* SceneDelegate.swift */; };
		BC85F8CC26B368A600BB4CD4 /* ViewController.swift in Sources */ = {isa = PBXBuildFile; fileRef = BC85F8CB26B368A600BB4CD4 /* ViewController.swift */; };
		BC85F8CF26B368A600BB4CD4 /* Main.storyboard in Resources */ = {isa = PBXBuildFile; fileRef = BC85F8CD26B368A600BB4CD4 /* Main.storyboard */; };
		BC85F8D126B368AA00BB4CD4 /* Assets.xcassets in Resources */ = {isa = PBXBuildFile; fileRef = BC85F8D026B368AA00BB4CD4 /* Assets.xcassets */; };
		BC85F8D426B368AA00BB4CD4 /* LaunchScreen.storyboard in Resources */ = {isa = PBXBuildFile; fileRef = BC85F8D226B368AA00BB4CD4 /* LaunchScreen.storyboard */; };
		BC85F8E026B36E0700BB4CD4 /* EmptyCustomCell.swift in Sources */ = {isa = PBXBuildFile; fileRef = BC85F8DE26B36E0700BB4CD4 /* EmptyCustomCell.swift */; };
		BC85F8E126B36E0700BB4CD4 /* EmptyCustomCell.xib in Resources */ = {isa = PBXBuildFile; fileRef = BC85F8DF26B36E0700BB4CD4 /* EmptyCustomCell.xib */; };
		BC85F8E426B3713E00BB4CD4 /* CustomCellNomes.swift in Sources */ = {isa = PBXBuildFile; fileRef = BC85F8E226B3713E00BB4CD4 /* CustomCellNomes.swift */; };
		BC85F8E526B3713E00BB4CD4 /* CustomCellNomes.xib in Resources */ = {isa = PBXBuildFile; fileRef = BC85F8E326B3713E00BB4CD4 /* CustomCellNomes.xib */; };
		BC85F8E826B373BD00BB4CD4 /* Controller.swift in Sources */ = {isa = PBXBuildFile; fileRef = BC85F8E726B373BD00BB4CD4 /* Controller.swift */; };
		BC85F8EA26B373DC00BB4CD4 /* Pessoa.swift in Sources */ = {isa = PBXBuildFile; fileRef = BC85F8E926B373DC00BB4CD4 /* Pessoa.swift */; };
/* End PBXBuildFile section */

/* Begin PBXFileReference section */
		3117BA4E84C1DAB3B3804832 /* Pods-RoletaRussa.debug.xcconfig */ = {isa = PBXFileReference; includeInIndex = 1; lastKnownFileType = text.xcconfig; name = "Pods-RoletaRussa.debug.xcconfig"; path = "Target Support Files/Pods-RoletaRussa/Pods-RoletaRussa.debug.xcconfig"; sourceTree = "<group>"; };
		423FE214A67D4F89BC87FD3A /* Pods_RoletaRussa.framework */ = {isa = PBXFileReference; explicitFileType = wrapper.framework; includeInIndex = 0; path = Pods_RoletaRussa.framework; sourceTree = BUILT_PRODUCTS_DIR; };
		999D1A661FCA3A84C299B29A /* Pods-RoletaRussa.release.xcconfig */ = {isa = PBXFileReference; includeInIndex = 1; lastKnownFileType = text.xcconfig; name = "Pods-RoletaRussa.release.xcconfig"; path = "Target Support Files/Pods-RoletaRussa/Pods-RoletaRussa.release.xcconfig"; sourceTree = "<group>"; };
		BC28763E26B5CD22006A55BB /* importArquivoJSON.swift */ = {isa = PBXFileReference; lastKnownFileType = sourcecode.swift; path = importArquivoJSON.swift; sourceTree = "<group>"; };
		BC28764026B5CE0E006A55BB /* JSONData.json */ = {isa = PBXFileReference; fileEncoding = 4; lastKnownFileType = text.json; path = JSONData.json; sourceTree = "<group>"; };
		BC28764326B5CE59006A55BB /* DataRecord.swift */ = {isa = PBXFileReference; lastKnownFileType = sourcecode.swift; path = DataRecord.swift; sourceTree = "<group>"; };
		BC28764526B5D041006A55BB /* ContaViewController.swift */ = {isa = PBXFileReference; lastKnownFileType = sourcecode.swift; path = ContaViewController.swift; sourceTree = "<group>"; };
		BC28764B26B5F761006A55BB /* HistoricoTableViewCell.swift */ = {isa = PBXFileReference; lastKnownFileType = sourcecode.swift; path = HistoricoTableViewCell.swift; sourceTree = "<group>"; };
		BC28764C26B5F761006A55BB /* HistoricoTableViewCell.xib */ = {isa = PBXFileReference; lastKnownFileType = file.xib; path = HistoricoTableViewCell.xib; sourceTree = "<group>"; };
		BC28765126B60701006A55BB /* ContaController.swift */ = {isa = PBXFileReference; lastKnownFileType = sourcecode.swift; path = ContaController.swift; sourceTree = "<group>"; };
		BC5F661126BCBF4900449195 /* JSONDataHistorico.json */ = {isa = PBXFileReference; lastKnownFileType = text.json; path = JSONDataHistorico.json; sourceTree = "<group>"; };
		BC5F661226BCC00B00449195 /* HistoricoDataRecord.swift */ = {isa = PBXFileReference; lastKnownFileType = sourcecode.swift; path = HistoricoDataRecord.swift; sourceTree = "<group>"; };
		BC5F661426BCC17C00449195 /* HistoricoViewController.swift */ = {isa = PBXFileReference; lastKnownFileType = sourcecode.swift; path = HistoricoViewController.swift; sourceTree = "<group>"; };
		BC85F8C426B368A600BB4CD4 /* RoletaRussa.app */ = {isa = PBXFileReference; explicitFileType = wrapper.application; includeInIndex = 0; path = RoletaRussa.app; sourceTree = BUILT_PRODUCTS_DIR; };
		BC85F8C726B368A600BB4CD4 /* AppDelegate.swift */ = {isa = PBXFileReference; lastKnownFileType = sourcecode.swift; path = AppDelegate.swift; sourceTree = "<group>"; };
		BC85F8C926B368A600BB4CD4 /* SceneDelegate.swift */ = {isa = PBXFileReference; lastKnownFileType = sourcecode.swift; path = SceneDelegate.swift; sourceTree = "<group>"; };
		BC85F8CB26B368A600BB4CD4 /* ViewController.swift */ = {isa = PBXFileReference; lastKnownFileType = sourcecode.swift; path = ViewController.swift; sourceTree = "<group>"; };
		BC85F8CE26B368A600BB4CD4 /* Base */ = {isa = PBXFileReference; lastKnownFileType = file.storyboard; name = Base; path = Base.lproj/Main.storyboard; sourceTree = "<group>"; };
		BC85F8D026B368AA00BB4CD4 /* Assets.xcassets */ = {isa = PBXFileReference; lastKnownFileType = folder.assetcatalog; path = Assets.xcassets; sourceTree = "<group>"; };
		BC85F8D326B368AA00BB4CD4 /* Base */ = {isa = PBXFileReference; lastKnownFileType = file.storyboard; name = Base; path = Base.lproj/LaunchScreen.storyboard; sourceTree = "<group>"; };
		BC85F8D526B368AA00BB4CD4 /* Info.plist */ = {isa = PBXFileReference; lastKnownFileType = text.plist.xml; path = Info.plist; sourceTree = "<group>"; };
		BC85F8DE26B36E0700BB4CD4 /* EmptyCustomCell.swift */ = {isa = PBXFileReference; lastKnownFileType = sourcecode.swift; path = EmptyCustomCell.swift; sourceTree = "<group>"; };
		BC85F8DF26B36E0700BB4CD4 /* EmptyCustomCell.xib */ = {isa = PBXFileReference; lastKnownFileType = file.xib; path = EmptyCustomCell.xib; sourceTree = "<group>"; };
		BC85F8E226B3713E00BB4CD4 /* CustomCellNomes.swift */ = {isa = PBXFileReference; lastKnownFileType = sourcecode.swift; path = CustomCellNomes.swift; sourceTree = "<group>"; };
		BC85F8E326B3713E00BB4CD4 /* CustomCellNomes.xib */ = {isa = PBXFileReference; lastKnownFileType = file.xib; path = CustomCellNomes.xib; sourceTree = "<group>"; };
		BC85F8E726B373BD00BB4CD4 /* Controller.swift */ = {isa = PBXFileReference; lastKnownFileType = sourcecode.swift; path = Controller.swift; sourceTree = "<group>"; };
		BC85F8E926B373DC00BB4CD4 /* Pessoa.swift */ = {isa = PBXFileReference; lastKnownFileType = sourcecode.swift; path = Pessoa.swift; sourceTree = "<group>"; };
/* End PBXFileReference section */

/* Begin PBXFrameworksBuildPhase section */
		BC85F8C126B368A600BB4CD4 /* Frameworks */ = {
			isa = PBXFrameworksBuildPhase;
			buildActionMask = 2147483647;
			files = (
				58B19414533DAF3BAC3DAFD6 /* Pods_RoletaRussa.framework in Frameworks */,
			);
			runOnlyForDeploymentPostprocessing = 0;
		};
/* End PBXFrameworksBuildPhase section */

/* Begin PBXGroup section */
		0181EFA648BDD0D1CEA8C749 /* Pods */ = {
			isa = PBXGroup;
			children = (
				3117BA4E84C1DAB3B3804832 /* Pods-RoletaRussa.debug.xcconfig */,
				999D1A661FCA3A84C299B29A /* Pods-RoletaRussa.release.xcconfig */,
			);
			path = Pods;
			sourceTree = "<group>";
		};
		BC28764226B5CE12006A55BB /* Mock */ = {
			isa = PBXGroup;
			children = (
				BC5F661126BCBF4900449195 /* JSONDataHistorico.json */,
				BC28764026B5CE0E006A55BB /* JSONData.json */,
			);
			path = Mock;
			sourceTree = "<group>";
		};
		BC85F8BB26B368A600BB4CD4 = {
			isa = PBXGroup;
			children = (
				BC85F8C626B368A600BB4CD4 /* RoletaRussa */,
				BC85F8C526B368A600BB4CD4 /* Products */,
				0181EFA648BDD0D1CEA8C749 /* Pods */,
				C0552053E8445F126A4B74F9 /* Frameworks */,
			);
			sourceTree = "<group>";
		};
		BC85F8C526B368A600BB4CD4 /* Products */ = {
			isa = PBXGroup;
			children = (
				BC85F8C426B368A600BB4CD4 /* RoletaRussa.app */,
			);
			name = Products;
			sourceTree = "<group>";
		};
		BC85F8C626B368A600BB4CD4 /* RoletaRussa */ = {
			isa = PBXGroup;
			children = (
				BC28764226B5CE12006A55BB /* Mock */,
				BC85F8DB26B368B200BB4CD4 /* Model */,
				BC85F8DC26B368B900BB4CD4 /* View */,
				BC85F8DD26B368BE00BB4CD4 /* Controller */,
				BC85F8C726B368A600BB4CD4 /* AppDelegate.swift */,
				BC85F8C926B368A600BB4CD4 /* SceneDelegate.swift */,
				BC85F8CD26B368A600BB4CD4 /* Main.storyboard */,
				BC85F8D026B368AA00BB4CD4 /* Assets.xcassets */,
				BC85F8D226B368AA00BB4CD4 /* LaunchScreen.storyboard */,
				BC85F8D526B368AA00BB4CD4 /* Info.plist */,
			);
			path = RoletaRussa;
			sourceTree = "<group>";
		};
		BC85F8DB26B368B200BB4CD4 /* Model */ = {
			isa = PBXGroup;
			children = (
				BC85F8E926B373DC00BB4CD4 /* Pessoa.swift */,
				BC28764326B5CE59006A55BB /* DataRecord.swift */,
				BC5F661226BCC00B00449195 /* HistoricoDataRecord.swift */,
			);
			path = Model;
			sourceTree = "<group>";
		};
		BC85F8DC26B368B900BB4CD4 /* View */ = {
			isa = PBXGroup;
			children = (
				BC85F8E626B3738100BB4CD4 /* CustomView */,
				BC85F8CB26B368A600BB4CD4 /* ViewController.swift */,
				BC28764526B5D041006A55BB /* ContaViewController.swift */,
				BC5F661426BCC17C00449195 /* HistoricoViewController.swift */,
			);
			path = View;
			sourceTree = "<group>";
		};
		BC85F8DD26B368BE00BB4CD4 /* Controller */ = {
			isa = PBXGroup;
			children = (
				BC85F8E726B373BD00BB4CD4 /* Controller.swift */,
				BC28763E26B5CD22006A55BB /* importArquivoJSON.swift */,
				BC28765126B60701006A55BB /* ContaController.swift */,
			);
			path = Controller;
			sourceTree = "<group>";
		};
		BC85F8E626B3738100BB4CD4 /* CustomView */ = {
			isa = PBXGroup;
			children = (
				BC85F8DF26B36E0700BB4CD4 /* EmptyCustomCell.xib */,
				BC85F8DE26B36E0700BB4CD4 /* EmptyCustomCell.swift */,
				BC85F8E226B3713E00BB4CD4 /* CustomCellNomes.swift */,
				BC85F8E326B3713E00BB4CD4 /* CustomCellNomes.xib */,
				BC28764B26B5F761006A55BB /* HistoricoTableViewCell.swift */,
				BC28764C26B5F761006A55BB /* HistoricoTableViewCell.xib */,
			);
			path = CustomView;
			sourceTree = "<group>";
		};
		C0552053E8445F126A4B74F9 /* Frameworks */ = {
			isa = PBXGroup;
			children = (
				423FE214A67D4F89BC87FD3A /* Pods_RoletaRussa.framework */,
			);
			name = Frameworks;
			sourceTree = "<group>";
		};
/* End PBXGroup section */

/* Begin PBXNativeTarget section */
		BC85F8C326B368A600BB4CD4 /* RoletaRussa */ = {
			isa = PBXNativeTarget;
			buildConfigurationList = BC85F8D826B368AA00BB4CD4 /* Build configuration list for PBXNativeTarget "RoletaRussa" */;
			buildPhases = (
				624457C7FE850F3889EA1876 /* [CP] Check Pods Manifest.lock */,
				BC85F8C026B368A600BB4CD4 /* Sources */,
				BC85F8C126B368A600BB4CD4 /* Frameworks */,
				BC85F8C226B368A600BB4CD4 /* Resources */,
				8921C9A16F26E9E7C1C1FBF8 /* [CP] Embed Pods Frameworks */,
			);
			buildRules = (
			);
			dependencies = (
			);
			name = RoletaRussa;
			productName = RoletaRussa;
			productReference = BC85F8C426B368A600BB4CD4 /* RoletaRussa.app */;
			productType = "com.apple.product-type.application";
		};
/* End PBXNativeTarget section */

/* Begin PBXProject section */
		BC85F8BC26B368A600BB4CD4 /* Project object */ = {
			isa = PBXProject;
			attributes = {
				LastSwiftUpdateCheck = 1250;
				LastUpgradeCheck = 1250;
				TargetAttributes = {
					BC85F8C326B368A600BB4CD4 = {
						CreatedOnToolsVersion = 12.5.1;
					};
				};
			};
			buildConfigurationList = BC85F8BF26B368A600BB4CD4 /* Build configuration list for PBXProject "RoletaRussa" */;
			compatibilityVersion = "Xcode 9.3";
			developmentRegion = en;
			hasScannedForEncodings = 0;
			knownRegions = (
				en,
				Base,
			);
			mainGroup = BC85F8BB26B368A600BB4CD4;
			productRefGroup = BC85F8C526B368A600BB4CD4 /* Products */;
			projectDirPath = "";
			projectRoot = "";
			targets = (
				BC85F8C326B368A600BB4CD4 /* RoletaRussa */,
			);
		};
/* End PBXProject section */

/* Begin PBXResourcesBuildPhase section */
		BC85F8C226B368A600BB4CD4 /* Resources */ = {
			isa = PBXResourcesBuildPhase;
			buildActionMask = 2147483647;
			files = (
				BC85F8D426B368AA00BB4CD4 /* LaunchScreen.storyboard in Resources */,
				BC28764126B5CE0E006A55BB /* JSONData.json in Resources */,
				BC85F8E526B3713E00BB4CD4 /* CustomCellNomes.xib in Resources */,
				BC28764E26B5F761006A55BB /* HistoricoTableViewCell.xib in Resources */,
				BC85F8D126B368AA00BB4CD4 /* Assets.xcassets in Resources */,
				BC85F8E126B36E0700BB4CD4 /* EmptyCustomCell.xib in Resources */,
				BC85F8CF26B368A600BB4CD4 /* Main.storyboard in Resources */,
			);
			runOnlyForDeploymentPostprocessing = 0;
		};
/* End PBXResourcesBuildPhase section */

/* Begin PBXShellScriptBuildPhase section */
		624457C7FE850F3889EA1876 /* [CP] Check Pods Manifest.lock */ = {
			isa = PBXShellScriptBuildPhase;
			buildActionMask = 2147483647;
			files = (
			);
			inputFileListPaths = (
			);
			inputPaths = (
				"${PODS_PODFILE_DIR_PATH}/Podfile.lock",
				"${PODS_ROOT}/Manifest.lock",
			);
			name = "[CP] Check Pods Manifest.lock";
			outputFileListPaths = (
			);
			outputPaths = (
				"$(DERIVED_FILE_DIR)/Pods-RoletaRussa-checkManifestLockResult.txt",
			);
			runOnlyForDeploymentPostprocessing = 0;
			shellPath = /bin/sh;
			shellScript = "diff \"${PODS_PODFILE_DIR_PATH}/Podfile.lock\" \"${PODS_ROOT}/Manifest.lock\" > /dev/null\nif [ $? != 0 ] ; then\n    # print error to STDERR\n    echo \"error: The sandbox is not in sync with the Podfile.lock. Run 'pod install' or update your CocoaPods installation.\" >&2\n    exit 1\nfi\n# This output is used by Xcode 'outputs' to avoid re-running this script phase.\necho \"SUCCESS\" > \"${SCRIPT_OUTPUT_FILE_0}\"\n";
			showEnvVarsInLog = 0;
		};
		8921C9A16F26E9E7C1C1FBF8 /* [CP] Embed Pods Frameworks */ = {
			isa = PBXShellScriptBuildPhase;
			buildActionMask = 2147483647;
			files = (
			);
			inputFileListPaths = (
				"${PODS_ROOT}/Target Support Files/Pods-RoletaRussa/Pods-RoletaRussa-frameworks-${CONFIGURATION}-input-files.xcfilelist",
			);
			name = "[CP] Embed Pods Frameworks";
			outputFileListPaths = (
				"${PODS_ROOT}/Target Support Files/Pods-RoletaRussa/Pods-RoletaRussa-frameworks-${CONFIGURATION}-output-files.xcfilelist",
			);
			runOnlyForDeploymentPostprocessing = 0;
			shellPath = /bin/sh;
			shellScript = "\"${PODS_ROOT}/Target Support Files/Pods-RoletaRussa/Pods-RoletaRussa-frameworks.sh\"\n";
			showEnvVarsInLog = 0;
		};
/* End PBXShellScriptBuildPhase section */

/* Begin PBXSourcesBuildPhase section */
		BC85F8C026B368A600BB4CD4 /* Sources */ = {
			isa = PBXSourcesBuildPhase;
			buildActionMask = 2147483647;
			files = (
				BC28764426B5CE59006A55BB /* DataRecord.swift in Sources */,
				BC85F8CC26B368A600BB4CD4 /* ViewController.swift in Sources */,
				BC85F8C826B368A600BB4CD4 /* AppDelegate.swift in Sources */,
				BC5F661326BCC00B00449195 /* HistoricoDataRecord.swift in Sources */,
				BC28764626B5D041006A55BB /* ContaViewController.swift in Sources */,
				BC85F8E026B36E0700BB4CD4 /* EmptyCustomCell.swift in Sources */,
				BC85F8E826B373BD00BB4CD4 /* Controller.swift in Sources */,
				BC28764D26B5F761006A55BB /* HistoricoTableViewCell.swift in Sources */,
				BC5F661526BCC17C00449195 /* HistoricoViewController.swift in Sources */,
				BC85F8CA26B368A600BB4CD4 /* SceneDelegate.swift in Sources */,
				BC28765226B60701006A55BB /* ContaController.swift in Sources */,
				BC85F8EA26B373DC00BB4CD4 /* Pessoa.swift in Sources */,
				BC28763F26B5CD22006A55BB /* importArquivoJSON.swift in Sources */,
				BC85F8E426B3713E00BB4CD4 /* CustomCellNomes.swift in Sources */,
			);
			runOnlyForDeploymentPostprocessing = 0;
		};
/* End PBXSourcesBuildPhase section */

/* Begin PBXVariantGroup section */
		BC85F8CD26B368A600BB4CD4 /* Main.storyboard */ = {
			isa = PBXVariantGroup;
			children = (
				BC85F8CE26B368A600BB4CD4 /* Base */,
			);
			name = Main.storyboard;
			sourceTree = "<group>";
		};
		BC85F8D226B368AA00BB4CD4 /* LaunchScreen.storyboard */ = {
			isa = PBXVariantGroup;
			children = (
				BC85F8D326B368AA00BB4CD4 /* Base */,
			);
			name = LaunchScreen.storyboard;
			sourceTree = "<group>";
		};
/* End PBXVariantGroup section */

/* Begin XCBuildConfiguration section */
		BC85F8D626B368AA00BB4CD4 /* Debug */ = {
			isa = XCBuildConfiguration;
			buildSettings = {
				ALWAYS_SEARCH_USER_PATHS = NO;
				CLANG_ANALYZER_NONNULL = YES;
				CLANG_ANALYZER_NUMBER_OBJECT_CONVERSION = YES_AGGRESSIVE;
				CLANG_CXX_LANGUAGE_STANDARD = "gnu++14";
				CLANG_CXX_LIBRARY = "libc++";
				CLANG_ENABLE_MODULES = YES;
				CLANG_ENABLE_OBJC_ARC = YES;
				CLANG_ENABLE_OBJC_WEAK = YES;
				CLANG_WARN_BLOCK_CAPTURE_AUTORELEASING = YES;
				CLANG_WARN_BOOL_CONVERSION = YES;
				CLANG_WARN_COMMA = YES;
				CLANG_WARN_CONSTANT_CONVERSION = YES;
				CLANG_WARN_DEPRECATED_OBJC_IMPLEMENTATIONS = YES;
				CLANG_WARN_DIRECT_OBJC_ISA_USAGE = YES_ERROR;
				CLANG_WARN_DOCUMENTATION_COMMENTS = YES;
				CLANG_WARN_EMPTY_BODY = YES;
				CLANG_WARN_ENUM_CONVERSION = YES;
				CLANG_WARN_INFINITE_RECURSION = YES;
				CLANG_WARN_INT_CONVERSION = YES;
				CLANG_WARN_NON_LITERAL_NULL_CONVERSION = YES;
				CLANG_WARN_OBJC_IMPLICIT_RETAIN_SELF = YES;
				CLANG_WARN_OBJC_LITERAL_CONVERSION = YES;
				CLANG_WARN_OBJC_ROOT_CLASS = YES_ERROR;
				CLANG_WARN_QUOTED_INCLUDE_IN_FRAMEWORK_HEADER = YES;
				CLANG_WARN_RANGE_LOOP_ANALYSIS = YES;
				CLANG_WARN_STRICT_PROTOTYPES = YES;
				CLANG_WARN_SUSPICIOUS_MOVE = YES;
				CLANG_WARN_UNGUARDED_AVAILABILITY = YES_AGGRESSIVE;
				CLANG_WARN_UNREACHABLE_CODE = YES;
				CLANG_WARN__DUPLICATE_METHOD_MATCH = YES;
				COPY_PHASE_STRIP = NO;
				DEBUG_INFORMATION_FORMAT = dwarf;
				ENABLE_STRICT_OBJC_MSGSEND = YES;
				ENABLE_TESTABILITY = YES;
				GCC_C_LANGUAGE_STANDARD = gnu11;
				GCC_DYNAMIC_NO_PIC = NO;
				GCC_NO_COMMON_BLOCKS = YES;
				GCC_OPTIMIZATION_LEVEL = 0;
				GCC_PREPROCESSOR_DEFINITIONS = (
					"DEBUG=1",
					"$(inherited)",
				);
				GCC_WARN_64_TO_32_BIT_CONVERSION = YES;
				GCC_WARN_ABOUT_RETURN_TYPE = YES_ERROR;
				GCC_WARN_UNDECLARED_SELECTOR = YES;
				GCC_WARN_UNINITIALIZED_AUTOS = YES_AGGRESSIVE;
				GCC_WARN_UNUSED_FUNCTION = YES;
				GCC_WARN_UNUSED_VARIABLE = YES;
				IPHONEOS_DEPLOYMENT_TARGET = 14.5;
				MTL_ENABLE_DEBUG_INFO = INCLUDE_SOURCE;
				MTL_FAST_MATH = YES;
				ONLY_ACTIVE_ARCH = YES;
				SDKROOT = iphoneos;
				SWIFT_ACTIVE_COMPILATION_CONDITIONS = DEBUG;
				SWIFT_OPTIMIZATION_LEVEL = "-Onone";
			};
			name = Debug;
		};
		BC85F8D726B368AA00BB4CD4 /* Release */ = {
			isa = XCBuildConfiguration;
			buildSettings = {
				ALWAYS_SEARCH_USER_PATHS = NO;
				CLANG_ANALYZER_NONNULL = YES;
				CLANG_ANALYZER_NUMBER_OBJECT_CONVERSION = YES_AGGRESSIVE;
				CLANG_CXX_LANGUAGE_STANDARD = "gnu++14";
				CLANG_CXX_LIBRARY = "libc++";
				CLANG_ENABLE_MODULES = YES;
				CLANG_ENABLE_OBJC_ARC = YES;
				CLANG_ENABLE_OBJC_WEAK = YES;
				CLANG_WARN_BLOCK_CAPTURE_AUTORELEASING = YES;
				CLANG_WARN_BOOL_CONVERSION = YES;
				CLANG_WARN_COMMA = YES;
				CLANG_WARN_CONSTANT_CONVERSION = YES;
				CLANG_WARN_DEPRECATED_OBJC_IMPLEMENTATIONS = YES;
				CLANG_WARN_DIRECT_OBJC_ISA_USAGE = YES_ERROR;
				CLANG_WARN_DOCUMENTATION_COMMENTS = YES;
				CLANG_WARN_EMPTY_BODY = YES;
				CLANG_WARN_ENUM_CONVERSION = YES;
				CLANG_WARN_INFINITE_RECURSION = YES;
				CLANG_WARN_INT_CONVERSION = YES;
				CLANG_WARN_NON_LITERAL_NULL_CONVERSION = YES;
				CLANG_WARN_OBJC_IMPLICIT_RETAIN_SELF = YES;
				CLANG_WARN_OBJC_LITERAL_CONVERSION = YES;
				CLANG_WARN_OBJC_ROOT_CLASS = YES_ERROR;
				CLANG_WARN_QUOTED_INCLUDE_IN_FRAMEWORK_HEADER = YES;
				CLANG_WARN_RANGE_LOOP_ANALYSIS = YES;
				CLANG_WARN_STRICT_PROTOTYPES = YES;
				CLANG_WARN_SUSPICIOUS_MOVE = YES;
				CLANG_WARN_UNGUARDED_AVAILABILITY = YES_AGGRESSIVE;
				CLANG_WARN_UNREACHABLE_CODE = YES;
				CLANG_WARN__DUPLICATE_METHOD_MATCH = YES;
				COPY_PHASE_STRIP = NO;
				DEBUG_INFORMATION_FORMAT = "dwarf-with-dsym";
				ENABLE_NS_ASSERTIONS = NO;
				ENABLE_STRICT_OBJC_MSGSEND = YES;
				GCC_C_LANGUAGE_STANDARD = gnu11;
				GCC_NO_COMMON_BLOCKS = YES;
				GCC_WARN_64_TO_32_BIT_CONVERSION = YES;
				GCC_WARN_ABOUT_RETURN_TYPE = YES_ERROR;
				GCC_WARN_UNDECLARED_SELECTOR = YES;
				GCC_WARN_UNINITIALIZED_AUTOS = YES_AGGRESSIVE;
				GCC_WARN_UNUSED_FUNCTION = YES;
				GCC_WARN_UNUSED_VARIABLE = YES;
				IPHONEOS_DEPLOYMENT_TARGET = 14.5;
				MTL_ENABLE_DEBUG_INFO = NO;
				MTL_FAST_MATH = YES;
				SDKROOT = iphoneos;
				SWIFT_COMPILATION_MODE = wholemodule;
				SWIFT_OPTIMIZATION_LEVEL = "-O";
				VALIDATE_PRODUCT = YES;
			};
			name = Release;
		};
		BC85F8D926B368AA00BB4CD4 /* Debug */ = {
			isa = XCBuildConfiguration;
			baseConfigurationReference = 3117BA4E84C1DAB3B3804832 /* Pods-RoletaRussa.debug.xcconfig */;
			buildSettings = {
				ASSETCATALOG_COMPILER_APPICON_NAME = AppIcon;
				ASSETCATALOG_COMPILER_GLOBAL_ACCENT_COLOR_NAME = AccentColor;
				CODE_SIGN_STYLE = Automatic;
				DEVELOPMENT_TEAM = ZFB9PS3322;
				INFOPLIST_FILE = RoletaRussa/Info.plist;
				LD_RUNPATH_SEARCH_PATHS = (
					"$(inherited)",
					"@executable_path/Frameworks",
				);
				PRODUCT_BUNDLE_IDENTIFIER = Alan.RoletaRussa;
				PRODUCT_NAME = "$(TARGET_NAME)";
				SWIFT_VERSION = 5.0;
				TARGETED_DEVICE_FAMILY = "1,2";
			};
			name = Debug;
		};
		BC85F8DA26B368AA00BB4CD4 /* Release */ = {
			isa = XCBuildConfiguration;
			baseConfigurationReference = 999D1A661FCA3A84C299B29A /* Pods-RoletaRussa.release.xcconfig */;
			buildSettings = {
				ASSETCATALOG_COMPILER_APPICON_NAME = AppIcon;
				ASSETCATALOG_COMPILER_GLOBAL_ACCENT_COLOR_NAME = AccentColor;
				CODE_SIGN_STYLE = Automatic;
				DEVELOPMENT_TEAM = ZFB9PS3322;
				INFOPLIST_FILE = RoletaRussa/Info.plist;
				LD_RUNPATH_SEARCH_PATHS = (
					"$(inherited)",
					"@executable_path/Frameworks",
				);
				PRODUCT_BUNDLE_IDENTIFIER = Alan.RoletaRussa;
				PRODUCT_NAME = "$(TARGET_NAME)";
				SWIFT_VERSION = 5.0;
				TARGETED_DEVICE_FAMILY = "1,2";
			};
			name = Release;
		};
/* End XCBuildConfiguration section */

/* Begin XCConfigurationList section */
		BC85F8BF26B368A600BB4CD4 /* Build configuration list for PBXProject "RoletaRussa" */ = {
			isa = XCConfigurationList;
			buildConfigurations = (
				BC85F8D626B368AA00BB4CD4 /* Debug */,
				BC85F8D726B368AA00BB4CD4 /* Release */,
			);
			defaultConfigurationIsVisible = 0;
			defaultConfigurationName = Release;
		};
		BC85F8D826B368AA00BB4CD4 /* Build configuration list for PBXNativeTarget "RoletaRussa" */ = {
			isa = XCConfigurationList;
			buildConfigurations = (
				BC85F8D926B368AA00BB4CD4 /* Debug */,
				BC85F8DA26B368AA00BB4CD4 /* Release */,
			);
			defaultConfigurationIsVisible = 0;
			defaultConfigurationName = Release;
		};
/* End XCConfigurationList section */
	};
	rootObject = BC85F8BC26B368A600BB4CD4 /* Project object */;
}
